
Microsoft Visual Studio Solution File, Format Version 12.00
# Visual Studio Version 17
VisualStudioVersion = 17.14.36623.8
MinimumVisualStudioVersion = 10.0.40219.1
Project("{FAE04EC0-301F-11D3-BF4B-00C04F79EFBC}") = "MinecraftToolkit", "MinecraftToolkit\MinecraftToolkit.csproj", "{0E1DD7E8-86A1-49B8-BFF8-70EDB28DF800}"
EndProject
Global
	GlobalSection(SolutionConfigurationPlatforms) = preSolution
		Release|Any CPU = Release|Any CPU
	EndGlobalSection
	GlobalSection(ProjectConfigurationPlatforms) = postSolution
		{0E1DD7E8-86A1-49B8-BFF8-70EDB28DF800}.Release|Any CPU.ActiveCfg = Release|Any CPU
		{0E1DD7E8-86A1-49B8-BFF8-70EDB28DF800}.Release|Any CPU.Build.0 = Release|Any CPU
	EndGlobalSection
	GlobalSection(SolutionProperties) = preSolution
		HideSolutionNode = FALSE
	EndGlobalSection
	GlobalSection(ExtensibilityGlobals) = postSolution
		SolutionGuid = {32CFD48A-00F4-435D-BCF9-1393AE0460FA}
	EndGlobalSection
EndGlobal
